
Microsoft Visual Studio Solution File, Format Version 12.00
# Visual Studio Version 16
VisualStudioVersion = 16.0.30907.101
MinimumVisualStudioVersion = 10.0.40219.1
Project("{9A19103F-16F7-4668-BE54-9A1E7A4F7556}") = "Uygulama", "Uygulama\Uygulama.csproj", "{2B1BBA02-A454-4A7F-BAD8-D9E491D7902F}"
EndProject
Project("{9A19103F-16F7-4668-BE54-9A1E7A4F7556}") = "Matematik", "Matematik\Matematik.csproj", "{C2B03698-8E5A-4FE1-AC64-AC9BED670EAB}"
EndProject
Project("{9A19103F-16F7-4668-BE54-9A1E7A4F7556}") = "DegerVeReferansTipler", "..\DegerVeReferansTipler\DegerVeReferansTipler.csproj", "{C7D49BA7-E520-44A2-ACF9-C4A58517A6D8}"
EndProject
Project("{9A19103F-16F7-4668-BE54-9A1E7A4F7556}") = "OOP1", "OOP1\OOP1.csproj", "{EE22F765-979E-4DAD-9A71-04C8E7C200FA}"
EndProject
Project("{9A19103F-16F7-4668-BE54-9A1E7A4F7556}") = "Collections", "Collections\Collections.csproj", "{0D7B936F-3EF5-4486-855E-75163D50DA88}"
EndProject
Project("{FAE04EC0-301F-11D3-BF4B-00C04F79EFBC}") = "GenericsIntro", "GenericsIntro\GenericsIntro.csproj", "{0AC29C1B-5100-442C-868E-88036A7150FF}"
EndProject
Global
	GlobalSection(SolutionConfigurationPlatforms) = preSolution
		Debug|Any CPU = Debug|Any CPU
		Release|Any CPU = Release|Any CPU
	EndGlobalSection
	GlobalSection(ProjectConfigurationPlatforms) = postSolution
		{2B1BBA02-A454-4A7F-BAD8-D9E491D7902F}.Debug|Any CPU.ActiveCfg = Debug|Any CPU
		{2B1BBA02-A454-4A7F-BAD8-D9E491D7902F}.Debug|Any CPU.Build.0 = Debug|Any CPU
		{2B1BBA02-A454-4A7F-BAD8-D9E491D7902F}.Release|Any CPU.ActiveCfg = Release|Any CPU
		{2B1BBA02-A454-4A7F-BAD8-D9E491D7902F}.Release|Any CPU.Build.0 = Release|Any CPU
		{C2B03698-8E5A-4FE1-AC64-AC9BED670EAB}.Debug|Any CPU.ActiveCfg = Debug|Any CPU
		{C2B03698-8E5A-4FE1-AC64-AC9BED670EAB}.Debug|Any CPU.Build.0 = Debug|Any CPU
		{C2B03698-8E5A-4FE1-AC64-AC9BED670EAB}.Release|Any CPU.ActiveCfg = Release|Any CPU
		{C2B03698-8E5A-4FE1-AC64-AC9BED670EAB}.Release|Any CPU.Build.0 = Release|Any CPU
		{C7D49BA7-E520-44A2-ACF9-C4A58517A6D8}.Debug|Any CPU.ActiveCfg = Debug|Any CPU
		{C7D49BA7-E520-44A2-ACF9-C4A58517A6D8}.Debug|Any CPU.Build.0 = Debug|Any CPU
		{C7D49BA7-E520-44A2-ACF9-C4A58517A6D8}.Release|Any CPU.ActiveCfg = Release|Any CPU
		{C7D49BA7-E520-44A2-ACF9-C4A58517A6D8}.Release|Any CPU.Build.0 = Release|Any CPU
		{EE22F765-979E-4DAD-9A71-04C8E7C200FA}.Debug|Any CPU.ActiveCfg = Debug|Any CPU
		{EE22F765-979E-4DAD-9A71-04C8E7C200FA}.Debug|Any CPU.Build.0 = Debug|Any CPU
		{EE22F765-979E-4DAD-9A71-04C8E7C200FA}.Release|Any CPU.ActiveCfg = Release|Any CPU
		{EE22F765-979E-4DAD-9A71-04C8E7C200FA}.Release|Any CPU.Build.0 = Release|Any CPU
		{0D7B936F-3EF5-4486-855E-75163D50DA88}.Debug|Any CPU.ActiveCfg = Debug|Any CPU
		{0D7B936F-3EF5-4486-855E-75163D50DA88}.Debug|Any CPU.Build.0 = Debug|Any CPU
		{0D7B936F-3EF5-4486-855E-75163D50DA88}.Release|Any CPU.ActiveCfg = Release|Any CPU
		{0D7B936F-3EF5-4486-855E-75163D50DA88}.Release|Any CPU.Build.0 = Release|Any CPU
		{0AC29C1B-5100-442C-868E-88036A7150FF}.Debug|Any CPU.ActiveCfg = Debug|Any CPU
		{0AC29C1B-5100-442C-868E-88036A7150FF}.Debug|Any CPU.Build.0 = Debug|Any CPU
		{0AC29C1B-5100-442C-868E-88036A7150FF}.Release|Any CPU.ActiveCfg = Release|Any CPU
		{0AC29C1B-5100-442C-868E-88036A7150FF}.Release|Any CPU.Build.0 = Release|Any CPU
	EndGlobalSection
	GlobalSection(SolutionProperties) = preSolution
		HideSolutionNode = FALSE
	EndGlobalSection
	GlobalSection(ExtensibilityGlobals) = postSolution
		SolutionGuid = {5D996A36-F4C7-4220-B58F-8C9130C0DF44}
	EndGlobalSection
EndGlobal
